
Microsoft Visual Studio Solution File, Format Version 12.00
# Visual Studio Version 16
VisualStudioVersion = 16.0.31424.327
MinimumVisualStudioVersion = 10.0.40219.1
Project("{9A19103F-16F7-4668-BE54-9A1E7A4F7556}") = "LocalNewsApi", "LocalNewsApi.csproj", "{FCEBA0B3-4D3E-4D31-9948-0DC8AD9A9AE0}"
EndProject
Project("{FAE04EC0-301F-11D3-BF4B-00C04F79EFBC}") = "LocalNewsApiTest", "..\LocalNewsApiTest\LocalNewsApiTest.csproj", "{6E406D6E-6E22-4DFD-A156-97615DD0169E}"
EndProject
Global
	GlobalSection(SolutionConfigurationPlatforms) = preSolution
		Debug|Any CPU = Debug|Any CPU
		Release|Any CPU = Release|Any CPU
	EndGlobalSection
	GlobalSection(ProjectConfigurationPlatforms) = postSolution
		{FCEBA0B3-4D3E-4D31-9948-0DC8AD9A9AE0}.Debug|Any CPU.ActiveCfg = Debug|Any CPU
		{FCEBA0B3-4D3E-4D31-9948-0DC8AD9A9AE0}.Debug|Any CPU.Build.0 = Debug|Any CPU
		{FCEBA0B3-4D3E-4D31-9948-0DC8AD9A9AE0}.Release|Any CPU.ActiveCfg = Release|Any CPU
		{FCEBA0B3-4D3E-4D31-9948-0DC8AD9A9AE0}.Release|Any CPU.Build.0 = Release|Any CPU
		{6E406D6E-6E22-4DFD-A156-97615DD0169E}.Debug|Any CPU.ActiveCfg = Debug|Any CPU
		{6E406D6E-6E22-4DFD-A156-97615DD0169E}.Debug|Any CPU.Build.0 = Debug|Any CPU
		{6E406D6E-6E22-4DFD-A156-97615DD0169E}.Release|Any CPU.ActiveCfg = Release|Any CPU
		{6E406D6E-6E22-4DFD-A156-97615DD0169E}.Release|Any CPU.Build.0 = Release|Any CPU
	EndGlobalSection
	GlobalSection(SolutionProperties) = preSolution
		HideSolutionNode = FALSE
	EndGlobalSection
	GlobalSection(ExtensibilityGlobals) = postSolution
		SolutionGuid = {99EDCB4B-39D7-474A-A0B2-F57CBA11B152}
	EndGlobalSection
EndGlobal
